
Microsoft Visual Studio Solution File, Format Version 12.00
# Visual Studio Version 17
VisualStudioVersion = 17.0.32126.317
MinimumVisualStudioVersion = 10.0.40219.1
Project("{9A19103F-16F7-4668-BE54-9A1E7A4F7556}") = "MyNoteApp", "MyNoteApp\MyNoteApp.csproj", "{2CBA67E9-6480-43A1-9607-98377EBB32D3}"
EndProject
Project("{FAE04EC0-301F-11D3-BF4B-00C04F79EFBC}") = "MyNoteTests", "MyNoteTests\MyNoteTests.csproj", "{3753862A-24BA-4792-B015-9E47D9CF2F07}"
EndProject
Global
	GlobalSection(SolutionConfigurationPlatforms) = preSolution
		Debug|Any CPU = Debug|Any CPU
		Release|Any CPU = Release|Any CPU
	EndGlobalSection
	GlobalSection(ProjectConfigurationPlatforms) = postSolution
		{2CBA67E9-6480-43A1-9607-98377EBB32D3}.Debug|Any CPU.ActiveCfg = Debug|Any CPU
		{2CBA67E9-6480-43A1-9607-98377EBB32D3}.Debug|Any CPU.Build.0 = Debug|Any CPU
		{2CBA67E9-6480-43A1-9607-98377EBB32D3}.Release|Any CPU.ActiveCfg = Release|Any CPU
		{2CBA67E9-6480-43A1-9607-98377EBB32D3}.Release|Any CPU.Build.0 = Release|Any CPU
		{3753862A-24BA-4792-B015-9E47D9CF2F07}.Debug|Any CPU.ActiveCfg = Debug|Any CPU
		{3753862A-24BA-4792-B015-9E47D9CF2F07}.Debug|Any CPU.Build.0 = Debug|Any CPU
		{3753862A-24BA-4792-B015-9E47D9CF2F07}.Release|Any CPU.ActiveCfg = Release|Any CPU
		{3753862A-24BA-4792-B015-9E47D9CF2F07}.Release|Any CPU.Build.0 = Release|Any CPU
	EndGlobalSection
	GlobalSection(SolutionProperties) = preSolution
		HideSolutionNode = FALSE
	EndGlobalSection
	GlobalSection(ExtensibilityGlobals) = postSolution
		SolutionGuid = {7AC7B6D2-5129-4559-8A46-F41E6A84D926}
	EndGlobalSection
EndGlobal
